[root]
name = "chip8_ui"
version = "0.0.1"
dependencies = [
 "chip8_vm 0.3.2 (registry+https://github.com/rust-lang/crates.io-index)",
 "env_logger 0.2.2 (registry+https://github.com/rust-lang/crates.io-index)",
 "log 0.2.5 (registry+https://github.com/rust-lang/crates.io-index)",
 "piston2d-graphics 0.0.24 (git+https://github.com/pistondevelopers/graphics)",
 "piston2d-opengl_graphics 0.0.10 (git+https://github.com/pistondevelopers/opengl_graphics)",
 "pistoncore-event 0.0.10 (git+https://github.com/pistondevelopers/event)",
 "pistoncore-input 0.0.5 (git+https://github.com/pistondevelopers/input)",
 "pistoncore-sdl2_window 0.0.6 (git+https://github.com/pistondevelopers/sdl2_window)",
 "pistoncore-window 0.0.13 (git+https://github.com/pistondevelopers/window)",
 "quack 0.0.13 (git+https://github.com/pistondevelopers/quack)",
 "shader_version 0.0.2 (git+https://github.com/pistondevelopers/shader_version)",
]

[[package]]
name = "bitflags"
version = "0.1.1"
source = "registry+https://github.com/rust-lang/crates.io-index"

[[package]]
name = "chip8_vm"
version = "0.3.2"
source = "registry+https://github.com/rust-lang/crates.io-index"
dependencies = [
 "log 0.2.5 (registry+https://github.com/rust-lang/crates.io-index)",
 "rand 0.1.4 (registry+https://github.com/rust-lang/crates.io-index)",
]

[[package]]
name = "clock_ticks"
version = "0.0.4"
source = "git+https://github.com/tomaka/clock_ticks#6a3005279bedc406b13eea09ff92447f05ca0de6"

[[package]]
name = "draw_state"
version = "0.0.1"
source = "git+https://github.com/gfx-rs/draw_state#b92422e8671a25f8fe5c8216001b44f5ca849744"
dependencies = [
 "bitflags 0.1.1 (registry+https://github.com/rust-lang/crates.io-index)",
]

[[package]]
name = "env_logger"
version = "0.2.2"
source = "registry+https://github.com/rust-lang/crates.io-index"
dependencies = [
 "log 0.2.5 (registry+https://github.com/rust-lang/crates.io-index)",
 "regex 0.1.19 (registry+https://github.com/rust-lang/crates.io-index)",
]

[[package]]
name = "freetype-rs"
version = "0.0.7"
source = "git+https://github.com/PistonDevelopers/freetype-rs.git#586ac7db973603eb0bc2b950dfc284d297f28bca"
dependencies = [
 "bitflags 0.1.1 (registry+https://github.com/rust-lang/crates.io-index)",
 "freetype-sys 0.0.4 (git+https://github.com/PistonDevelopers/freetype-sys)",
 "libc 0.1.3 (registry+https://github.com/rust-lang/crates.io-index)",
]

[[package]]
name = "freetype-sys"
version = "0.0.4"
source = "git+https://github.com/PistonDevelopers/freetype-sys#cbf20043f8e6b8ab654eb247a1cc4b3444a8a714"
dependencies = [
 "libc 0.1.3 (registry+https://github.com/rust-lang/crates.io-index)",
 "libz-sys 0.1.1 (registry+https://github.com/rust-lang/crates.io-index)",
 "pkg-config 0.3.1 (registry+https://github.com/rust-lang/crates.io-index)",
]

[[package]]
name = "gl"
version = "0.0.10"
source = "git+https://github.com/bjz/gl-rs#fc93d37deeeb642fcd55fa58d0964fd19da5b787"
dependencies = [
 "gl_common 0.0.4 (git+https://github.com/bjz/gl-rs)",
 "gl_generator 0.0.21 (git+https://github.com/bjz/gl-rs)",
 "khronos_api 0.0.5 (git+https://github.com/bjz/gl-rs)",
 "libc 0.1.3 (registry+https://github.com/rust-lang/crates.io-index)",
]

[[package]]
name = "gl_common"
version = "0.0.4"
source = "git+https://github.com/bjz/gl-rs#fc93d37deeeb642fcd55fa58d0964fd19da5b787"
dependencies = [
 "libc 0.1.3 (registry+https://github.com/rust-lang/crates.io-index)",
]

[[package]]
name = "gl_generator"
version = "0.0.21"
source = "git+https://github.com/bjz/gl-rs#fc93d37deeeb642fcd55fa58d0964fd19da5b787"
dependencies = [
 "khronos_api 0.0.5 (git+https://github.com/bjz/gl-rs)",
 "log 0.2.5 (registry+https://github.com/rust-lang/crates.io-index)",
 "xml-rs 0.1.21 (registry+https://github.com/rust-lang/crates.io-index)",
]

[[package]]
name = "image"
version = "0.2.1"
source = "git+https://github.com/pistondevelopers/image#f11e2f193f42d51d14f026c19c8473743dfb5ef1"
dependencies = [
 "num 0.1.15 (registry+https://github.com/rust-lang/crates.io-index)",
]

[[package]]
name = "interpolation"
version = "0.0.2"
source = "git+https://github.com/PistonDevelopers/interpolation#1775837859e16cc545c84b5cb4860ae25240c3e6"

[[package]]
name = "khronos_api"
version = "0.0.5"
source = "git+https://github.com/bjz/gl-rs#fc93d37deeeb642fcd55fa58d0964fd19da5b787"

[[package]]
name = "khronos_api"
version = "0.0.5"
source = "registry+https://github.com/rust-lang/crates.io-index"

[[package]]
name = "libc"
version = "0.1.3"
source = "registry+https://github.com/rust-lang/crates.io-index"

[[package]]
name = "libz-sys"
version = "0.1.1"
source = "registry+https://github.com/rust-lang/crates.io-index"
dependencies = [
 "pkg-config 0.3.1 (registry+https://github.com/rust-lang/crates.io-index)",
]

[[package]]
name = "log"
version = "0.2.5"
source = "registry+https://github.com/rust-lang/crates.io-index"

[[package]]
name = "num"
version = "0.1.15"
source = "registry+https://github.com/rust-lang/crates.io-index"
dependencies = [
 "rand 0.1.4 (registry+https://github.com/rust-lang/crates.io-index)",
 "rustc-serialize 0.2.15 (registry+https://github.com/rust-lang/crates.io-index)",
]

[[package]]
name = "piston-texture"
version = "0.0.1"
source = "git+https://github.com/PistonDevelopers/texture#3cc4cddc3f8c51c36ea11dd2f63d70aa887f53fb"

[[package]]
name = "piston2d-graphics"
version = "0.0.24"
source = "git+https://github.com/pistondevelopers/graphics#fb15256ea5c404ed96c67fefba3be96c2b5d24d4"
dependencies = [
 "draw_state 0.0.1 (git+https://github.com/gfx-rs/draw_state)",
 "interpolation 0.0.2 (git+https://github.com/PistonDevelopers/interpolation)",
 "piston-texture 0.0.1 (git+https://github.com/PistonDevelopers/texture)",
 "quack 0.0.13 (git+https://github.com/pistondevelopers/quack)",
 "read_color 0.0.2 (git+https://github.com/PistonDevelopers/read_color)",
 "vecmath 0.0.5 (git+https://github.com/PistonDevelopers/vecmath)",
]

[[package]]
name = "piston2d-opengl_graphics"
version = "0.0.10"
source = "git+https://github.com/pistondevelopers/opengl_graphics#d497b5d9ec14f7feb74bd0c69ebe286f94810827"
dependencies = [
 "freetype-rs 0.0.7 (git+https://github.com/PistonDevelopers/freetype-rs.git)",
 "gl 0.0.10 (git+https://github.com/bjz/gl-rs)",
 "image 0.2.1 (git+https://github.com/pistondevelopers/image)",
 "khronos_api 0.0.5 (registry+https://github.com/rust-lang/crates.io-index)",
 "libc 0.1.3 (registry+https://github.com/rust-lang/crates.io-index)",
 "piston-texture 0.0.1 (git+https://github.com/PistonDevelopers/texture)",
 "piston2d-graphics 0.0.24 (git+https://github.com/pistondevelopers/graphics)",
 "shader_version 0.0.2 (git+https://github.com/pistondevelopers/shader_version)",
]

[[package]]
name = "pistoncore-event"
version = "0.0.10"
source = "git+https://github.com/pistondevelopers/event#4166dc0c4df895e72c1336e04635b9a48dd5291f"
dependencies = [
 "pistoncore-event_loop 0.0.13 (git+https://github.com/PistonDevelopers/event_loop)",
 "pistoncore-input 0.0.5 (git+https://github.com/pistondevelopers/input)",
 "pistoncore-window 0.0.13 (git+https://github.com/pistondevelopers/window)",
]

[[package]]
name = "pistoncore-event_loop"
version = "0.0.13"
source = "git+https://github.com/PistonDevelopers/event_loop#4d6193547f22064c7ea9ab5a2ff96fdbd2c847e3"
dependencies = [
 "clock_ticks 0.0.4 (git+https://github.com/tomaka/clock_ticks)",
 "pistoncore-window 0.0.13 (git+https://github.com/pistondevelopers/window)",
 "quack 0.0.13 (git+https://github.com/pistondevelopers/quack)",
]

[[package]]
name = "pistoncore-input"
version = "0.0.5"
source = "git+https://github.com/pistondevelopers/input#3e6d11cef33c1384915aa513fbb1481f1212eb6e"
dependencies = [
 "bitflags 0.1.1 (registry+https://github.com/rust-lang/crates.io-index)",
 "rustc-serialize 0.3.3 (registry+https://github.com/rust-lang/crates.io-index)",
]

[[package]]
name = "pistoncore-sdl2_window"
version = "0.0.6"
source = "git+https://github.com/pistondevelopers/sdl2_window#645bdb6faedd8b6bcf58294b1580a6550a5bbe96"
dependencies = [
 "gl 0.0.10 (git+https://github.com/bjz/gl-rs)",
 "pistoncore-input 0.0.5 (git+https://github.com/pistondevelopers/input)",
 "pistoncore-window 0.0.13 (git+https://github.com/pistondevelopers/window)",
 "quack 0.0.13 (git+https://github.com/pistondevelopers/quack)",
 "sdl2 0.0.28 (git+https://github.com/PistonDevelopers/rust-sdl2)",
 "shader_version 0.0.2 (git+https://github.com/pistondevelopers/shader_version)",
]

[[package]]
name = "pistoncore-window"
version = "0.0.13"
source = "git+https://github.com/pistondevelopers/window#711cb7a147eda15fa7e65ecc5484f471dc1b85fc"
dependencies = [
 "pistoncore-input 0.0.5 (git+https://github.com/pistondevelopers/input)",
 "quack 0.0.13 (git+https://github.com/pistondevelopers/quack)",
]

[[package]]
name = "pkg-config"
version = "0.3.1"
source = "registry+https://github.com/rust-lang/crates.io-index"

[[package]]
name = "quack"
version = "0.0.13"
source = "git+https://github.com/pistondevelopers/quack#6bcb6ac300267d0ea5f96d881a9649e41f12b7b2"

[[package]]
name = "rand"
version = "0.1.4"
source = "registry+https://github.com/rust-lang/crates.io-index"
dependencies = [
 "libc 0.1.3 (registry+https://github.com/rust-lang/crates.io-index)",
 "log 0.2.5 (registry+https://github.com/rust-lang/crates.io-index)",
]

[[package]]
name = "rand"
version = "0.2.0"
source = "registry+https://github.com/rust-lang/crates.io-index"
dependencies = [
 "libc 0.1.3 (registry+https://github.com/rust-lang/crates.io-index)",
 "log 0.2.5 (registry+https://github.com/rust-lang/crates.io-index)",
]

[[package]]
name = "read_color"
version = "0.0.2"
source = "git+https://github.com/PistonDevelopers/read_color#568723fb7d9a69833e1d5a5ec79ded8ce9562920"

[[package]]
name = "regex"
version = "0.1.19"
source = "registry+https://github.com/rust-lang/crates.io-index"

[[package]]
name = "rustc-serialize"
version = "0.2.15"
source = "registry+https://github.com/rust-lang/crates.io-index"

[[package]]
name = "rustc-serialize"
version = "0.3.3"
source = "registry+https://github.com/rust-lang/crates.io-index"

[[package]]
name = "sdl2"
version = "0.0.28"
source = "git+https://github.com/PistonDevelopers/rust-sdl2#753afb76fcdfa4964d3338a3b36d20e7fefc5504"
dependencies = [
 "bitflags 0.1.1 (registry+https://github.com/rust-lang/crates.io-index)",
 "libc 0.1.3 (registry+https://github.com/rust-lang/crates.io-index)",
 "rand 0.2.0 (registry+https://github.com/rust-lang/crates.io-index)",
 "sdl2-sys 0.0.27 (git+https://github.com/PistonDevelopers/rust-sdl2)",
]

[[package]]
name = "sdl2-sys"
version = "0.0.27"
source = "git+https://github.com/PistonDevelopers/rust-sdl2#753afb76fcdfa4964d3338a3b36d20e7fefc5504"
dependencies = [
 "libc 0.1.3 (registry+https://github.com/rust-lang/crates.io-index)",
]

[[package]]
name = "shader_version"
version = "0.0.2"
source = "git+https://github.com/pistondevelopers/shader_version#cd02a715d3148b6820e548ea79ffd76c663b9e1c"

[[package]]
name = "vecmath"
version = "0.0.5"
source = "git+https://github.com/PistonDevelopers/vecmath#6284864573fe185f4d87aadfe38d0fc3b2edcd73"

[[package]]
name = "xml-rs"
version = "0.1.21"
source = "registry+https://github.com/rust-lang/crates.io-index"
dependencies = [
 "bitflags 0.1.1 (registry+https://github.com/rust-lang/crates.io-index)",
]

